github.com/aws/aws-sdk-go v1.25.16 h1:k7Fy6T/uNuLX6zuayU/TJoP7yMgGcJSkZpF7QVjwYpA=
github.com/aws/aws-sdk-go v1.25.16/go.mod h1:KmX6BPdI08NWTb3/sm4ZGu5ShLoqVDhKgpiN924inxo=
github.com/bitly/go-simplejson v0.5.0/go.mod h1:cXHtHw4XUPsvGaxgjIAn8PhEWG9NfngEKAMDJEczWVA=
github.com/bugsnag/bugsnag-go v1.5.3 h1:yeRUT3mUE13jL1tGwvoQsKdVbAsQx9AJ+fqahKveP04=
github.com/bugsnag/bugsnag-go v1.5.3/go.mod h1:2oa8nejYd4cQ/b0hMIopN0lCRxU0bueqREvZLWFrtK8=
github.com/bugsnag/panicwrap v1.2.0 h1:OzrKrRvXis8qEvOkfcxNcYbOd2O7xXS2nnKMEMABFQA=
github.com/bugsnag/panicwrap v1.2.0/go.mod h1:D/8v3kj0zr8ZAKg1AQ6crr+5VwKN5eIywRkfhyM/+dE=
github.com/davecgh/go-spew v1.1.1/go.mod h1:J7Y8YcW2NihsgmVo/mv3lAwl/skON4iLHjSsI+c5H38=
github.com/fatih/color v1.7.0 h1:DkWD4oS2D8LGGgTQ6IvwJJXSL5Vp2ffcQg58nFV38Ys=
github.com/fatih/color v1.7.0/go.mod h1:Zm6kSWBoL9eyXnKyktHP6abPY2pDugNf5KwzbycvMj4=
github.com/gofrs/uuid v3.2.0+incompatible h1:y12jRkkFxsd7GpqdSZ+/KCs/fJbqpEXSGd4+jfEaewE=
github.com/gofrs/uuid v3.2.0+incompatible/go.mod h1:b2aQJv3Z4Fp6yNu3cdSllBxTCLRxnplIgP/c0N/04lM=
github.com/hatchify/output v0.0.0-20190621205759-4b3595c7a168 h1:+NrBPC+lPB/qkwhU1F2gnp5knPG1uwZrBn/E2lm3hHc=
github.com/hatchify/output v0.0.0-20190621205759-4b3595c7a168/go.mod h1:lKGHdKsVmZesHJt2SJPHWo/o/+pDkeVHf+2HF47pC2w=
github.com/hatchify/output v0.0.0-20191023001025-e91d8413f743 h1:54E+sEpbgBnZQI9TmZIVlpwwk1GP3r6JEkuID915tyc=
github.com/hatchify/output v0.0.0-20191023001025-e91d8413f743/go.mod h1:eZfDXqVtrZ3QDXA1WVQUVQXrOzzDqY/0x1jxCoirFX0=
github.com/jmespath/go-jmespath v0.0.0-20180206201540-c2b33e8439af h1:pmfjZENx5imkbgOkpRUYLnmbU7UEFbjtDA2hxJ1ichM=
github.com/jmespath/go-jmespath v0.0.0-20180206201540-c2b33e8439af/go.mod h1:Nht3zPeWKUH0NzdCt2Blrr5ys8VGpn0CEB0cQHVjt7k=
github.com/kardianos/osext v0.0.0-20190222173326-2bc1f35cddc0 h1:iQTw/8FWTuc7uiaSepXwyf3o52HaUYcV+Tu66S3F5GA=
github.com/kardianos/osext v0.0.0-20190222173326-2bc1f35cddc0/go.mod h1:1NbS8ALrpOvjt0rHPNLyCIeMtbizbir8U//inJ+zuB8=
github.com/konsorten/go-windows-terminal-sequences v1.0.1 h1:mweAR1A6xJ3oS2pRaGiHgQ4OO8tzTaLawm8vnODuwDk=
github.com/konsorten/go-windows-terminal-sequences v1.0.1/go.mod h1:T0+1ngSBFLxvqU3pZ+m/2kptfBszLMUkC4ZK/EgS/cQ=
github.com/mattn/go-colorable v0.1.4 h1:snbPLB8fVfU9iwbbo30TPtbLRzwWu6aJS6Xh4eaaviA=
github.com/mattn/go-colorable v0.1.4/go.mod h1:U0ppj6V5qS13XJ6of8GYAs25YV2eR4EVcfRqFIhoBtE=
github.com/mattn/go-isatty v0.0.8/go.mod h1:Iq45c/XA43vh69/j3iqttzPXn0bhXyGjM0Hdxcsrc5s=
github.com/mattn/go-isatty v0.0.10 h1:qxFzApOv4WsAL965uUPIsXzAKCZxN2p9UqdhFS4ZW10=
github.com/mattn/go-isatty v0.0.10/go.mod h1:qgIWMr58cqv1PHHyhnkY9lrL7etaEgOFcMEpPG5Rm84=
github.com/oklog/ulid v1.3.1 h1:EGfNDEx6MqHz8B3uNV6QAib1UR2Lm97sHi3ocA6ESJ4=
github.com/oklog/ulid v1.3.1/go.mod h1:CirwcVhetQ6Lv90oh/F+FBtV6XMibvdAFo93nm5qn4U=
github.com/pkg/errors v0.8.1/go.mod h1:bwawxfHBFNV+L2hUp1rHADufV3IMtnDRdf1r5NINEl0=
github.com/pmezard/go-difflib v1.0.0/go.mod h1:iKH77koFhYxTK1pcRnkKkqfTogsbg7gZNVY4sRDYZ/4=
github.com/sirupsen/logrus v1.4.2 h1:SPIRibHv4MatM3XXNO2BJeFLZwZ2LvZgfQ5+UNI2im4=
github.com/sirupsen/logrus v1.4.2/go.mod h1:tLMulIdttU9McNUspp0xgXVQah82FyeX6MwdIuYE2rE=
github.com/stretchr/objx v0.1.1/go.mod h1:HFkY916IF+rwdDfMAkV7OtwuqBVzrE8GR6GFx+wExME=
github.com/stretchr/testify v1.2.2/go.mod h1:a8OnRcib4nhh0OaRAV+Yts87kKdq0PP7pXfy6kDkUVs=
github.com/xlab/closer v0.0.0-20190328110542-03326addb7c2 h1:LPYwXwwHigHHFX3SFa9W9zBIa5reyaLJos2e95eHh68=
github.com/xlab/closer v0.0.0-20190328110542-03326addb7c2/go.mod h1:Y8IYP9aVODN3Vnw1FCqygCG5IWyYBeBlZqQ5aX+fHFw=
golang.org/x/sys v0.0.0-20190222072716-a9d3bda3a223/go.mod h1:STP8DvDyc/dI5b8T5hshtkjS+E42TnysNCUPdjciGhY=
golang.org/x/sys v0.0.0-20190422165155-953cdadca894 h1:Cz4ceDQGXuKRnVBDTS23GTn/pU5OE2C0WrNTOYK1Uuc=
golang.org/x/sys v0.0.0-20190422165155-953cdadca894/go.mod h1:h1NjWce9XRLGQEsW7wpKNCjG9DtNlClVuFLEZdDNbEs=
golang.org/x/sys v0.0.0-20191008105621-543471e840be h1:QAcqgptGM8IQBC9K/RC4o+O9YmqEm0diQn9QmZw/0mU=
golang.org/x/sys v0.0.0-20191008105621-543471e840be/go.mod h1:h1NjWce9XRLGQEsW7wpKNCjG9DtNlClVuFLEZdDNbEs=
